
Microsoft Visual Studio Solution File, Format Version 12.00
# Visual Studio Version 17
VisualStudioVersion = 17.6.33723.286
MinimumVisualStudioVersion = 10.0.40219.1
Project("{8BC9CEB8-8B4A-11D0-8D11-00A0C91BC942}") = "franka_proxy", "projects\franka_proxy.vcxproj", "{68BC76EE-6A3E-4109-B187-BD78D5EEF8F9}"
	ProjectSection(ProjectDependencies) = postProject
		{F5061AF3-9DEF-408E-8135-292E6F6F7C06} = {F5061AF3-9DEF-408E-8135-292E6F6F7C06}
	EndProjectSection
EndProject
Project("{8BC9CEB8-8B4A-11D0-8D11-00A0C91BC942}") = "franka_proxy_client", "projects\franka_proxy_client.vcxproj", "{FB19427B-A02E-4386-98A9-64ED8E1DEB71}"
EndProject
Project("{8BC9CEB8-8B4A-11D0-8D11-00A0C91BC942}") = "franka_proxy_client_test", "projects\franka_proxy_client_test.vcxproj", "{CA9F7D3E-0D62-4877-88C6-3DCD4CE482AC}"
	ProjectSection(ProjectDependencies) = postProject
		{FB19427B-A02E-4386-98A9-64ED8E1DEB71} = {FB19427B-A02E-4386-98A9-64ED8E1DEB71}
	EndProjectSection
EndProject
Project("{8BC9CEB8-8B4A-11D0-8D11-00A0C91BC942}") = "franka_control", "projects\franka_control.vcxproj", "{3125ED9C-58B1-4EA5-9214-9178EF9C8EB7}"
	ProjectSection(ProjectDependencies) = postProject
		{FB19427B-A02E-4386-98A9-64ED8E1DEB71} = {FB19427B-A02E-4386-98A9-64ED8E1DEB71}
	EndProjectSection
EndProject
Project("{8BC9CEB8-8B4A-11D0-8D11-00A0C91BC942}") = "franka_share", "projects\franka_share.vcxproj", "{F5061AF3-9DEF-408E-8135-292E6F6F7C06}"
EndProject
Global
	GlobalSection(SolutionConfigurationPlatforms) = preSolution
		Debug|x64 = Debug|x64
		Release|x64 = Release|x64
	EndGlobalSection
	GlobalSection(ProjectConfigurationPlatforms) = postSolution
		{68BC76EE-6A3E-4109-B187-BD78D5EEF8F9}.Debug|x64.ActiveCfg = Debug|x64
		{68BC76EE-6A3E-4109-B187-BD78D5EEF8F9}.Debug|x64.Build.0 = Debug|x64
		{68BC76EE-6A3E-4109-B187-BD78D5EEF8F9}.Release|x64.ActiveCfg = Release|x64
		{68BC76EE-6A3E-4109-B187-BD78D5EEF8F9}.Release|x64.Build.0 = Release|x64
		{FB19427B-A02E-4386-98A9-64ED8E1DEB71}.Debug|x64.ActiveCfg = Debug|x64
		{FB19427B-A02E-4386-98A9-64ED8E1DEB71}.Debug|x64.Build.0 = Debug|x64
		{FB19427B-A02E-4386-98A9-64ED8E1DEB71}.Release|x64.ActiveCfg = Release|x64
		{FB19427B-A02E-4386-98A9-64ED8E1DEB71}.Release|x64.Build.0 = Release|x64
		{CA9F7D3E-0D62-4877-88C6-3DCD4CE482AC}.Debug|x64.ActiveCfg = Debug|x64
		{CA9F7D3E-0D62-4877-88C6-3DCD4CE482AC}.Debug|x64.Build.0 = Debug|x64
		{CA9F7D3E-0D62-4877-88C6-3DCD4CE482AC}.Release|x64.ActiveCfg = Release|x64
		{CA9F7D3E-0D62-4877-88C6-3DCD4CE482AC}.Release|x64.Build.0 = Release|x64
		{3125ED9C-58B1-4EA5-9214-9178EF9C8EB7}.Debug|x64.ActiveCfg = Debug|x64
		{3125ED9C-58B1-4EA5-9214-9178EF9C8EB7}.Debug|x64.Build.0 = Debug|x64
		{3125ED9C-58B1-4EA5-9214-9178EF9C8EB7}.Release|x64.ActiveCfg = Release|x64
		{3125ED9C-58B1-4EA5-9214-9178EF9C8EB7}.Release|x64.Build.0 = Release|x64
		{F5061AF3-9DEF-408E-8135-292E6F6F7C06}.Debug|x64.ActiveCfg = Debug|x64
		{F5061AF3-9DEF-408E-8135-292E6F6F7C06}.Debug|x64.Build.0 = Debug|x64
		{F5061AF3-9DEF-408E-8135-292E6F6F7C06}.Release|x64.ActiveCfg = Release|x64
		{F5061AF3-9DEF-408E-8135-292E6F6F7C06}.Release|x64.Build.0 = Release|x64
	EndGlobalSection
	GlobalSection(SolutionProperties) = preSolution
		HideSolutionNode = FALSE
	EndGlobalSection
	GlobalSection(ExtensibilityGlobals) = postSolution
		SolutionGuid = {B373AD49-5CFC-4C5B-93E6-9CFA9D9A3410}
	EndGlobalSection
EndGlobal
